
Microsoft Visual Studio Solution File, Format Version 12.00
# Visual Studio Version 16
VisualStudioVersion = 16.0.29911.84
MinimumVisualStudioVersion = 10.0.40219.1
Project("{FAE04EC0-301F-11D3-BF4B-00C04F79EFBC}") = "DBAssignment", "DBAssignment\DBAssignment.csproj", "{BF1A105F-FA73-4E07-A1F5-3B17B8F55ECE}"
EndProject
Global
	GlobalSection(SolutionConfigurationPlatforms) = preSolution
		Debug|Any CPU = Debug|Any CPU
		Release|Any CPU = Release|Any CPU
	EndGlobalSection
	GlobalSection(ProjectConfigurationPlatforms) = postSolution
		{BF1A105F-FA73-4E07-A1F5-3B17B8F55ECE}.Debug|Any CPU.ActiveCfg = Debug|Any CPU
		{BF1A105F-FA73-4E07-A1F5-3B17B8F55ECE}.Debug|Any CPU.Build.0 = Debug|Any CPU
		{BF1A105F-FA73-4E07-A1F5-3B17B8F55ECE}.Release|Any CPU.ActiveCfg = Release|Any CPU
		{BF1A105F-FA73-4E07-A1F5-3B17B8F55ECE}.Release|Any CPU.Build.0 = Release|Any CPU
	EndGlobalSection
	GlobalSection(SolutionProperties) = preSolution
		HideSolutionNode = FALSE
	EndGlobalSection
	GlobalSection(ExtensibilityGlobals) = postSolution
		SolutionGuid = {F5A8341E-C88C-4329-ADFD-5C096099D9B7}
	EndGlobalSection
EndGlobal
